// !$*UTF8*$!
{
	archiveVersion = 1;
	classes = {
	};
	objectVersion = 50;
	objects = {

/* Begin PBXBuildFile section */
		99920D6C213579C40013BE33 /* AppDelegate.swift in Sources */ = {isa = PBXBuildFile; fileRef = 99920D6B213579C40013BE33 /* AppDelegate.swift */; };
		99920D71213579C40013BE33 /* Main.storyboard in Resources */ = {isa = PBXBuildFile; fileRef = 99920D6F213579C40013BE33 /* Main.storyboard */; };
		99920D73213579C60013BE33 /* Assets.xcassets in Resources */ = {isa = PBXBuildFile; fileRef = 99920D72213579C60013BE33 /* Assets.xcassets */; };
		99920D76213579C60013BE33 /* LaunchScreen.storyboard in Resources */ = {isa = PBXBuildFile; fileRef = 99920D74213579C60013BE33 /* LaunchScreen.storyboard */; };
		99920D81213579C60013BE33 /* ToDoTDDTests.swift in Sources */ = {isa = PBXBuildFile; fileRef = 99920D80213579C60013BE33 /* ToDoTDDTests.swift */; };
		99920D8C2135827E0013BE33 /* ToDoItemTests.swift in Sources */ = {isa = PBXBuildFile; fileRef = 99920D8B2135827E0013BE33 /* ToDoItemTests.swift */; };
		99920D8F213584210013BE33 /* ToDoItem.swift in Sources */ = {isa = PBXBuildFile; fileRef = 99920D8E213584210013BE33 /* ToDoItem.swift */; };
		99920D91213661150013BE33 /* Location.swift in Sources */ = {isa = PBXBuildFile; fileRef = 99920D90213661150013BE33 /* Location.swift */; };
		99920D932136626B0013BE33 /* LocationTests.swift in Sources */ = {isa = PBXBuildFile; fileRef = 99920D922136626B0013BE33 /* LocationTests.swift */; };
		99920D95213663C70013BE33 /* ItemManagerTests.swift in Sources */ = {isa = PBXBuildFile; fileRef = 99920D94213663C70013BE33 /* ItemManagerTests.swift */; };
		99920D972136643D0013BE33 /* ItemManager.swift in Sources */ = {isa = PBXBuildFile; fileRef = 99920D962136643D0013BE33 /* ItemManager.swift */; };
		99920D99213673700013BE33 /* ItemListViewControllerTests.swift in Sources */ = {isa = PBXBuildFile; fileRef = 99920D98213673700013BE33 /* ItemListViewControllerTests.swift */; };
		99920D9B213673CA0013BE33 /* ItemListViewController.swift in Sources */ = {isa = PBXBuildFile; fileRef = 99920D9A213673CA0013BE33 /* ItemListViewController.swift */; };
		99920D9E213677C00013BE33 /* ItemListDataProvider.swift in Sources */ = {isa = PBXBuildFile; fileRef = 99920D9D213677C00013BE33 /* ItemListDataProvider.swift */; };
		99920DA021368BAB0013BE33 /* ItemListDataProviderTests.swift in Sources */ = {isa = PBXBuildFile; fileRef = 99920D9F21368BAB0013BE33 /* ItemListDataProviderTests.swift */; };
		99920DA32136901D0013BE33 /* ItemCell.swift in Sources */ = {isa = PBXBuildFile; fileRef = 99920DA22136901D0013BE33 /* ItemCell.swift */; };
		99920DA52136A3330013BE33 /* ItemCellTests.swift in Sources */ = {isa = PBXBuildFile; fileRef = 99920DA42136A3330013BE33 /* ItemCellTests.swift */; };
		99920DA72136AB740013BE33 /* DetailViewControllerTests.swift in Sources */ = {isa = PBXBuildFile; fileRef = 99920DA62136AB740013BE33 /* DetailViewControllerTests.swift */; };
		99920DA92136ABA90013BE33 /* DetailViewController.swift in Sources */ = {isa = PBXBuildFile; fileRef = 99920DA82136ABA90013BE33 /* DetailViewController.swift */; };
		99920DAC2136AD440013BE33 /* MapKit.framework in Frameworks */ = {isa = PBXBuildFile; fileRef = 99920DAB2136AD440013BE33 /* MapKit.framework */; };
		99920DAE2136B1550013BE33 /* InputViewControllerTests.swift in Sources */ = {isa = PBXBuildFile; fileRef = 99920DAD2136B1550013BE33 /* InputViewControllerTests.swift */; };
		99920DB02136B1A20013BE33 /* InputViewController.swift in Sources */ = {isa = PBXBuildFile; fileRef = 99920DAF2136B1A20013BE33 /* InputViewController.swift */; };
		99920DB2213958A50013BE33 /* APIClientTests.swift in Sources */ = {isa = PBXBuildFile; fileRef = 99920DB1213958A50013BE33 /* APIClientTests.swift */; };
		99920DB4213959090013BE33 /* APIClient.swift in Sources */ = {isa = PBXBuildFile; fileRef = 99920DB3213959090013BE33 /* APIClient.swift */; };
		99920DB6213974BE0013BE33 /* KeychainAccessible.swift in Sources */ = {isa = PBXBuildFile; fileRef = 99920DB5213974BE0013BE33 /* KeychainAccessible.swift */; };
		99D73B0E213AAA5100F36B18 /* StoryboardTests.swift in Sources */ = {isa = PBXBuildFile; fileRef = 99D73B0D213AAA5100F36B18 /* StoryboardTests.swift */; };
		99D73B16213BC81100F36B18 /* ToDoTDDUITests.swift in Sources */ = {isa = PBXBuildFile; fileRef = 99D73B15213BC81100F36B18 /* ToDoTDDUITests.swift */; };
/* End PBXBuildFile section */

/* Begin PBXContainerItemProxy section */
		99920D7D213579C60013BE33 /* PBXContainerItemProxy */ = {
			isa = PBXContainerItemProxy;
			containerPortal = 99920D60213579C40013BE33 /* Project object */;
			proxyType = 1;
			remoteGlobalIDString = 99920D67213579C40013BE33;
			remoteInfo = ToDoTDD;
		};
		99D73B18213BC81100F36B18 /* PBXContainerItemProxy */ = {
			isa = PBXContainerItemProxy;
			containerPortal = 99920D60213579C40013BE33 /* Project object */;
			proxyType = 1;
			remoteGlobalIDString = 99920D67213579C40013BE33;
			remoteInfo = ToDoTDD;
		};
/* End PBXContainerItemProxy section */

/* Begin PBXFileReference section */
		99920D68213579C40013BE33 /* ToDoTDD.app */ = {isa = PBXFileReference; explicitFileType = wrapper.application; includeInIndex = 0; path = ToDoTDD.app; sourceTree = BUILT_PRODUCTS_DIR; };
		99920D6B213579C40013BE33 /* AppDelegate.swift */ = {isa = PBXFileReference; lastKnownFileType = sourcecode.swift; path = AppDelegate.swift; sourceTree = "<group>"; };
		99920D70213579C40013BE33 /* Base */ = {isa = PBXFileReference; lastKnownFileType = file.storyboard; name = Base; path = Base.lproj/Main.storyboard; sourceTree = "<group>"; };
		99920D72213579C60013BE33 /* Assets.xcassets */ = {isa = PBXFileReference; lastKnownFileType = folder.assetcatalog; path = Assets.xcassets; sourceTree = "<group>"; };
		99920D75213579C60013BE33 /* Base */ = {isa = PBXFileReference; lastKnownFileType = file.storyboard; name = Base; path = Base.lproj/LaunchScreen.storyboard; sourceTree = "<group>"; };
		99920D77213579C60013BE33 /* Info.plist */ = {isa = PBXFileReference; lastKnownFileType = text.plist.xml; path = Info.plist; sourceTree = "<group>"; };
		99920D7C213579C60013BE33 /* ToDoTDDTests.xctest */ = {isa = PBXFileReference; explicitFileType = wrapper.cfbundle; includeInIndex = 0; path = ToDoTDDTests.xctest; sourceTree = BUILT_PRODUCTS_DIR; };
		99920D80213579C60013BE33 /* ToDoTDDTests.swift */ = {isa = PBXFileReference; lastKnownFileType = sourcecode.swift; path = ToDoTDDTests.swift; sourceTree = "<group>"; };
		99920D82213579C60013BE33 /* Info.plist */ = {isa = PBXFileReference; lastKnownFileType = text.plist.xml; path = Info.plist; sourceTree = "<group>"; };
		99920D8B2135827E0013BE33 /* ToDoItemTests.swift */ = {isa = PBXFileReference; lastKnownFileType = sourcecode.swift; name = ToDoItemTests.swift; path = Model/ToDoItemTests.swift; sourceTree = "<group>"; };
		99920D8E213584210013BE33 /* ToDoItem.swift */ = {isa = PBXFileReference; lastKnownFileType = sourcecode.swift; path = ToDoItem.swift; sourceTree = "<group>"; };
		99920D90213661150013BE33 /* Location.swift */ = {isa = PBXFileReference; lastKnownFileType = sourcecode.swift; path = Location.swift; sourceTree = "<group>"; };
		99920D922136626B0013BE33 /* LocationTests.swift */ = {isa = PBXFileReference; lastKnownFileType = sourcecode.swift; name = LocationTests.swift; path = Model/LocationTests.swift; sourceTree = "<group>"; };
		99920D94213663C70013BE33 /* ItemManagerTests.swift */ = {isa = PBXFileReference; lastKnownFileType = sourcecode.swift; name = ItemManagerTests.swift; path = Model/ItemManagerTests.swift; sourceTree = "<group>"; };
		99920D962136643D0013BE33 /* ItemManager.swift */ = {isa = PBXFileReference; lastKnownFileType = sourcecode.swift; path = ItemManager.swift; sourceTree = "<group>"; };
		99920D98213673700013BE33 /* ItemListViewControllerTests.swift */ = {isa = PBXFileReference; lastKnownFileType = sourcecode.swift; name = ItemListViewControllerTests.swift; path = Controller/ItemListViewControllerTests.swift; sourceTree = "<group>"; };
		99920D9A213673CA0013BE33 /* ItemListViewController.swift */ = {isa = PBXFileReference; lastKnownFileType = sourcecode.swift; path = ItemListViewController.swift; sourceTree = "<group>"; };
		99920D9D213677C00013BE33 /* ItemListDataProvider.swift */ = {isa = PBXFileReference; lastKnownFileType = sourcecode.swift; path = ItemListDataProvider.swift; sourceTree = "<group>"; };
		99920D9F21368BAB0013BE33 /* ItemListDataProviderTests.swift */ = {isa = PBXFileReference; lastKnownFileType = sourcecode.swift; name = ItemListDataProviderTests.swift; path = Controller/ItemListDataProviderTests.swift; sourceTree = "<group>"; };
		99920DA22136901D0013BE33 /* ItemCell.swift */ = {isa = PBXFileReference; lastKnownFileType = sourcecode.swift; path = ItemCell.swift; sourceTree = "<group>"; };
		99920DA42136A3330013BE33 /* ItemCellTests.swift */ = {isa = PBXFileReference; lastKnownFileType = sourcecode.swift; name = ItemCellTests.swift; path = Controller/ItemCellTests.swift; sourceTree = "<group>"; };
		99920DA62136AB740013BE33 /* DetailViewControllerTests.swift */ = {isa = PBXFileReference; lastKnownFileType = sourcecode.swift; name = DetailViewControllerTests.swift; path = Controller/DetailViewControllerTests.swift; sourceTree = "<group>"; };
		99920DA82136ABA90013BE33 /* DetailViewController.swift */ = {isa = PBXFileReference; lastKnownFileType = sourcecode.swift; path = DetailViewController.swift; sourceTree = "<group>"; };
		99920DAB2136AD440013BE33 /* MapKit.framework */ = {isa = PBXFileReference; lastKnownFileType = wrapper.framework; name = MapKit.framework; path = System/Library/Frameworks/MapKit.framework; sourceTree = SDKROOT; };
		99920DAD2136B1550013BE33 /* InputViewControllerTests.swift */ = {isa = PBXFileReference; lastKnownFileType = sourcecode.swift; name = InputViewControllerTests.swift; path = Controller/InputViewControllerTests.swift; sourceTree = "<group>"; };
		99920DAF2136B1A20013BE33 /* InputViewController.swift */ = {isa = PBXFileReference; lastKnownFileType = sourcecode.swift; path = InputViewController.swift; sourceTree = "<group>"; };
		99920DB1213958A50013BE33 /* APIClientTests.swift */ = {isa = PBXFileReference; lastKnownFileType = sourcecode.swift; path = APIClientTests.swift; sourceTree = "<group>"; };
		99920DB3213959090013BE33 /* APIClient.swift */ = {isa = PBXFileReference; lastKnownFileType = sourcecode.swift; path = APIClient.swift; sourceTree = "<group>"; };
		99920DB5213974BE0013BE33 /* KeychainAccessible.swift */ = {isa = PBXFileReference; lastKnownFileType = sourcecode.swift; path = KeychainAccessible.swift; sourceTree = "<group>"; };
		99D73B0D213AAA5100F36B18 /* StoryboardTests.swift */ = {isa = PBXFileReference; lastKnownFileType = sourcecode.swift; path = StoryboardTests.swift; sourceTree = "<group>"; };
		99D73B13213BC81100F36B18 /* ToDoTDDUITests.xctest */ = {isa = PBXFileReference; explicitFileType = wrapper.cfbundle; includeInIndex = 0; path = ToDoTDDUITests.xctest; sourceTree = BUILT_PRODUCTS_DIR; };
		99D73B15213BC81100F36B18 /* ToDoTDDUITests.swift */ = {isa = PBXFileReference; lastKnownFileType = sourcecode.swift; path = ToDoTDDUITests.swift; sourceTree = "<group>"; };
		99D73B17213BC81100F36B18 /* Info.plist */ = {isa = PBXFileReference; lastKnownFileType = text.plist.xml; path = Info.plist; sourceTree = "<group>"; };
/* End PBXFileReference section */

/* Begin PBXFrameworksBuildPhase section */
		99920D65213579C40013BE33 /* Frameworks */ = {
			isa = PBXFrameworksBuildPhase;
			buildActionMask = 2147483647;
			files = (
				99920DAC2136AD440013BE33 /* MapKit.framework in Frameworks */,
			);
			runOnlyForDeploymentPostprocessing = 0;
		};
		99920D79213579C60013BE33 /* Frameworks */ = {
			isa = PBXFrameworksBuildPhase;
			buildActionMask = 2147483647;
			files = (
			);
			runOnlyForDeploymentPostprocessing = 0;
		};
		99D73B10213BC81100F36B18 /* Frameworks */ = {
			isa = PBXFrameworksBuildPhase;
			buildActionMask = 2147483647;
			files = (
			);
			runOnlyForDeploymentPostprocessing = 0;
		};
/* End PBXFrameworksBuildPhase section */

/* Begin PBXGroup section */
		99920D5F213579C40013BE33 = {
			isa = PBXGroup;
			children = (
				99920D6A213579C40013BE33 /* ToDoTDD */,
				99920D7F213579C60013BE33 /* ToDoTDDTests */,
				99D73B14213BC81100F36B18 /* ToDoTDDUITests */,
				99920D69213579C40013BE33 /* Products */,
				99920DAA2136AD440013BE33 /* Frameworks */,
			);
			sourceTree = "<group>";
		};
		99920D69213579C40013BE33 /* Products */ = {
			isa = PBXGroup;
			children = (
				99920D68213579C40013BE33 /* ToDoTDD.app */,
				99920D7C213579C60013BE33 /* ToDoTDDTests.xctest */,
				99D73B13213BC81100F36B18 /* ToDoTDDUITests.xctest */,
			);
			name = Products;
			sourceTree = "<group>";
		};
		99920D6A213579C40013BE33 /* ToDoTDD */ = {
			isa = PBXGroup;
			children = (
				99920DA1213690090013BE33 /* View */,
				99920D9C213673D30013BE33 /* Controller */,
				99920D8D213584170013BE33 /* Model */,
				99920D6B213579C40013BE33 /* AppDelegate.swift */,
				99920D6F213579C40013BE33 /* Main.storyboard */,
				99920D72213579C60013BE33 /* Assets.xcassets */,
				99920D74213579C60013BE33 /* LaunchScreen.storyboard */,
				99920D77213579C60013BE33 /* Info.plist */,
				99920DB3213959090013BE33 /* APIClient.swift */,
				99920DB5213974BE0013BE33 /* KeychainAccessible.swift */,
			);
			path = ToDoTDD;
			sourceTree = "<group>";
		};
		99920D7F213579C60013BE33 /* ToDoTDDTests */ = {
			isa = PBXGroup;
			children = (
				99920D80213579C60013BE33 /* ToDoTDDTests.swift */,
				99920D82213579C60013BE33 /* Info.plist */,
				99920D8B2135827E0013BE33 /* ToDoItemTests.swift */,
				99920D922136626B0013BE33 /* LocationTests.swift */,
				99920D94213663C70013BE33 /* ItemManagerTests.swift */,
				99920D98213673700013BE33 /* ItemListViewControllerTests.swift */,
				99920D9F21368BAB0013BE33 /* ItemListDataProviderTests.swift */,
				99920DA42136A3330013BE33 /* ItemCellTests.swift */,
				99920DA62136AB740013BE33 /* DetailViewControllerTests.swift */,
				99920DAD2136B1550013BE33 /* InputViewControllerTests.swift */,
				99920DB1213958A50013BE33 /* APIClientTests.swift */,
				99D73B0D213AAA5100F36B18 /* StoryboardTests.swift */,
			);
			path = ToDoTDDTests;
			sourceTree = "<group>";
		};
		99920D8D213584170013BE33 /* Model */ = {
			isa = PBXGroup;
			children = (
				99920D8E213584210013BE33 /* ToDoItem.swift */,
				99920D90213661150013BE33 /* Location.swift */,
				99920D962136643D0013BE33 /* ItemManager.swift */,
			);
			path = Model;
			sourceTree = "<group>";
		};
		99920D9C213673D30013BE33 /* Controller */ = {
			isa = PBXGroup;
			children = (
				99920D9A213673CA0013BE33 /* ItemListViewController.swift */,
				99920D9D213677C00013BE33 /* ItemListDataProvider.swift */,
				99920DA82136ABA90013BE33 /* DetailViewController.swift */,
				99920DAF2136B1A20013BE33 /* InputViewController.swift */,
			);
			name = Controller;
			path = "New Group";
			sourceTree = "<group>";
		};
		99920DA1213690090013BE33 /* View */ = {
			isa = PBXGroup;
			children = (
				99920DA22136901D0013BE33 /* ItemCell.swift */,
			);
			path = View;
			sourceTree = "<group>";
		};
		99920DAA2136AD440013BE33 /* Frameworks */ = {
			isa = PBXGroup;
			children = (
				99920DAB2136AD440013BE33 /* MapKit.framework */,
			);
			name = Frameworks;
			sourceTree = "<group>";
		};
		99D73B14213BC81100F36B18 /* ToDoTDDUITests */ = {
			isa = PBXGroup;
			children = (
				99D73B15213BC81100F36B18 /* ToDoTDDUITests.swift */,
				99D73B17213BC81100F36B18 /* Info.plist */,
			);
			path = ToDoTDDUITests;
			sourceTree = "<group>";
		};
/* End PBXGroup section */

/* Begin PBXNativeTarget section */
		99920D67213579C40013BE33 /* ToDoTDD */ = {
			isa = PBXNativeTarget;
			buildConfigurationList = 99920D85213579C60013BE33 /* Build configuration list for PBXNativeTarget "ToDoTDD" */;
			buildPhases = (
				99920D64213579C40013BE33 /* Sources */,
				99920D65213579C40013BE33 /* Frameworks */,
				99920D66213579C40013BE33 /* Resources */,
			);
			buildRules = (
			);
			dependencies = (
			);
			name = ToDoTDD;
			productName = ToDoTDD;
			productReference = 99920D68213579C40013BE33 /* ToDoTDD.app */;
			productType = "com.apple.product-type.application";
		};
		99920D7B213579C60013BE33 /* ToDoTDDTests */ = {
			isa = PBXNativeTarget;
			buildConfigurationList = 99920D88213579C60013BE33 /* Build configuration list for PBXNativeTarget "ToDoTDDTests" */;
			buildPhases = (
				99920D78213579C60013BE33 /* Sources */,
				99920D79213579C60013BE33 /* Frameworks */,
				99920D7A213579C60013BE33 /* Resources */,
			);
			buildRules = (
			);
			dependencies = (
				99920D7E213579C60013BE33 /* PBXTargetDependency */,
			);
			name = ToDoTDDTests;
			productName = ToDoTDDTests;
			productReference = 99920D7C213579C60013BE33 /* ToDoTDDTests.xctest */;
			productType = "com.apple.product-type.bundle.unit-test";
		};
		99D73B12213BC81100F36B18 /* ToDoTDDUITests */ = {
			isa = PBXNativeTarget;
			buildConfigurationList = 99D73B1A213BC81100F36B18 /* Build configuration list for PBXNativeTarget "ToDoTDDUITests" */;
			buildPhases = (
				99D73B0F213BC81100F36B18 /* Sources */,
				99D73B10213BC81100F36B18 /* Frameworks */,
				99D73B11213BC81100F36B18 /* Resources */,
			);
			buildRules = (
			);
			dependencies = (
				99D73B19213BC81100F36B18 /* PBXTargetDependency */,
			);
			name = ToDoTDDUITests;
			productName = ToDoTDDUITests;
			productReference = 99D73B13213BC81100F36B18 /* ToDoTDDUITests.xctest */;
			productType = "com.apple.product-type.bundle.ui-testing";
		};
/* End PBXNativeTarget section */

/* Begin PBXProject section */
		99920D60213579C40013BE33 /* Project object */ = {
			isa = PBXProject;
			attributes = {
				LastSwiftUpdateCheck = 0940;
				LastUpgradeCheck = 0940;
				ORGANIZATIONNAME = salgara;
				TargetAttributes = {
					99920D67213579C40013BE33 = {
						CreatedOnToolsVersion = 9.4.1;
						SystemCapabilities = {
							com.apple.Maps.iOS = {
								enabled = 1;
							};
						};
					};
					99920D7B213579C60013BE33 = {
						CreatedOnToolsVersion = 9.4.1;
						TestTargetID = 99920D67213579C40013BE33;
					};
					99D73B12213BC81100F36B18 = {
						CreatedOnToolsVersion = 9.4.1;
						TestTargetID = 99920D67213579C40013BE33;
					};
				};
			};
			buildConfigurationList = 99920D63213579C40013BE33 /* Build configuration list for PBXProject "ToDoTDD" */;
			compatibilityVersion = "Xcode 9.3";
			developmentRegion = en;
			hasScannedForEncodings = 0;
			knownRegions = (
				en,
				Base,
			);
			mainGroup = 99920D5F213579C40013BE33;
			productRefGroup = 99920D69213579C40013BE33 /* Products */;
			projectDirPath = "";
			projectRoot = "";
			targets = (
				99920D67213579C40013BE33 /* ToDoTDD */,
				99920D7B213579C60013BE33 /* ToDoTDDTests */,
				99D73B12213BC81100F36B18 /* ToDoTDDUITests */,
			);
		};
/* End PBXProject section */

/* Begin PBXResourcesBuildPhase section */
		99920D66213579C40013BE33 /* Resources */ = {
			isa = PBXResourcesBuildPhase;
			buildActionMask = 2147483647;
			files = (
				99920D76213579C60013BE33 /* LaunchScreen.storyboard in Resources */,
				99920D73213579C60013BE33 /* Assets.xcassets in Resources */,
				99920D71213579C40013BE33 /* Main.storyboard in Resources */,
			);
			runOnlyForDeploymentPostprocessing = 0;
		};
		99920D7A213579C60013BE33 /* Resources */ = {
			isa = PBXResourcesBuildPhase;
			buildActionMask = 2147483647;
			files = (
			);
			runOnlyForDeploymentPostprocessing = 0;
		};
		99D73B11213BC81100F36B18 /* Resources */ = {
			isa = PBXResourcesBuildPhase;
			buildActionMask = 2147483647;
			files = (
			);
			runOnlyForDeploymentPostprocessing = 0;
		};
/* End PBXResourcesBuildPhase section */

/* Begin PBXSourcesBuildPhase section */
		99920D64213579C40013BE33 /* Sources */ = {
			isa = PBXSourcesBuildPhase;
			buildActionMask = 2147483647;
			files = (
				99920DB02136B1A20013BE33 /* InputViewController.swift in Sources */,
				99920D972136643D0013BE33 /* ItemManager.swift in Sources */,
				99920DB6213974BE0013BE33 /* KeychainAccessible.swift in Sources */,
				99920D9E213677C00013BE33 /* ItemListDataProvider.swift in Sources */,
				99920DB4213959090013BE33 /* APIClient.swift in Sources */,
				99920D6C213579C40013BE33 /* AppDelegate.swift in Sources */,
				99920D91213661150013BE33 /* Location.swift in Sources */,
				99920DA32136901D0013BE33 /* ItemCell.swift in Sources */,
				99920D8F213584210013BE33 /* ToDoItem.swift in Sources */,
				99920D9B213673CA0013BE33 /* ItemListViewController.swift in Sources */,
				99920DA92136ABA90013BE33 /* DetailViewController.swift in Sources */,
			);
			runOnlyForDeploymentPostprocessing = 0;
		};
		99920D78213579C60013BE33 /* Sources */ = {
			isa = PBXSourcesBuildPhase;
			buildActionMask = 2147483647;
			files = (
				99920D99213673700013BE33 /* ItemListViewControllerTests.swift in Sources */,
				99920D8C2135827E0013BE33 /* ToDoItemTests.swift in Sources */,
				99D73B0E213AAA5100F36B18 /* StoryboardTests.swift in Sources */,
				99920D932136626B0013BE33 /* LocationTests.swift in Sources */,
				99920DB2213958A50013BE33 /* APIClientTests.swift in Sources */,
				99920DA021368BAB0013BE33 /* ItemListDataProviderTests.swift in Sources */,
				99920DA52136A3330013BE33 /* ItemCellTests.swift in Sources */,
				99920D95213663C70013BE33 /* ItemManagerTests.swift in Sources */,
				99920DAE2136B1550013BE33 /* InputViewControllerTests.swift in Sources */,
				99920D81213579C60013BE33 /* ToDoTDDTests.swift in Sources */,
				99920DA72136AB740013BE33 /* DetailViewControllerTests.swift in Sources */,
			);
			runOnlyForDeploymentPostprocessing = 0;
		};
		99D73B0F213BC81100F36B18 /* Sources */ = {
			isa = PBXSourcesBuildPhase;
			buildActionMask = 2147483647;
			files = (
				99D73B16213BC81100F36B18 /* ToDoTDDUITests.swift in Sources */,
			);
			runOnlyForDeploymentPostprocessing = 0;
		};
/* End PBXSourcesBuildPhase section */

/* Begin PBXTargetDependency section */
		99920D7E213579C60013BE33 /* PBXTargetDependency */ = {
			isa = PBXTargetDependency;
			target = 99920D67213579C40013BE33 /* ToDoTDD */;
			targetProxy = 99920D7D213579C60013BE33 /* PBXContainerItemProxy */;
		};
		99D73B19213BC81100F36B18 /* PBXTargetDependency */ = {
			isa = PBXTargetDependency;
			target = 99920D67213579C40013BE33 /* ToDoTDD */;
			targetProxy = 99D73B18213BC81100F36B18 /* PBXContainerItemProxy */;
		};
/* End PBXTargetDependency section */

/* Begin PBXVariantGroup section */
		99920D6F213579C40013BE33 /* Main.storyboard */ = {
			isa = PBXVariantGroup;
			children = (
				99920D70213579C40013BE33 /* Base */,
			);
			name = Main.storyboard;
			sourceTree = "<group>";
		};
		99920D74213579C60013BE33 /* LaunchScreen.storyboard */ = {
			isa = PBXVariantGroup;
			children = (
				99920D75213579C60013BE33 /* Base */,
			);
			name = LaunchScreen.storyboard;
			sourceTree = "<group>";
		};
/* End PBXVariantGroup section */

/* Begin XCBuildConfiguration section */
		99920D83213579C60013BE33 /* Debug */ = {
			isa = XCBuildConfiguration;
			buildSettings = {
				ALWAYS_SEARCH_USER_PATHS = NO;
				CLANG_ANALYZER_NONNULL = YES;
				CLANG_ANALYZER_NUMBER_OBJECT_CONVERSION = YES_AGGRESSIVE;
				CLANG_CXX_LANGUAGE_STANDARD = "gnu++14";
				CLANG_CXX_LIBRARY = "libc++";
				CLANG_ENABLE_MODULES = YES;
				CLANG_ENABLE_OBJC_ARC = YES;
				CLANG_ENABLE_OBJC_WEAK = YES;
				CLANG_WARN_BLOCK_CAPTURE_AUTORELEASING = YES;
				CLANG_WARN_BOOL_CONVERSION = YES;
				CLANG_WARN_COMMA = YES;
				CLANG_WARN_CONSTANT_CONVERSION = YES;
				CLANG_WARN_DEPRECATED_OBJC_IMPLEMENTATIONS = YES;
				CLANG_WARN_DIRECT_OBJC_ISA_USAGE = YES_ERROR;
				CLANG_WARN_DOCUMENTATION_COMMENTS = YES;
				CLANG_WARN_EMPTY_BODY = YES;
				CLANG_WARN_ENUM_CONVERSION = YES;
				CLANG_WARN_INFINITE_RECURSION = YES;
				CLANG_WARN_INT_CONVERSION = YES;
				CLANG_WARN_NON_LITERAL_NULL_CONVERSION = YES;
				CLANG_WARN_OBJC_IMPLICIT_RETAIN_SELF = YES;
				CLANG_WARN_OBJC_LITERAL_CONVERSION = YES;
				CLANG_WARN_OBJC_ROOT_CLASS = YES_ERROR;
				CLANG_WARN_RANGE_LOOP_ANALYSIS = YES;
				CLANG_WARN_STRICT_PROTOTYPES = YES;
				CLANG_WARN_SUSPICIOUS_MOVE = YES;
				CLANG_WARN_UNGUARDED_AVAILABILITY = YES_AGGRESSIVE;
				CLANG_WARN_UNREACHABLE_CODE = YES;
				CLANG_WARN__DUPLICATE_METHOD_MATCH = YES;
				CODE_SIGN_IDENTITY = "iPhone Developer";
				COPY_PHASE_STRIP = NO;
				DEBUG_INFORMATION_FORMAT = dwarf;
				ENABLE_STRICT_OBJC_MSGSEND = YES;
				ENABLE_TESTABILITY = YES;
				GCC_C_LANGUAGE_STANDARD = gnu11;
				GCC_DYNAMIC_NO_PIC = NO;
				GCC_NO_COMMON_BLOCKS = YES;
				GCC_OPTIMIZATION_LEVEL = 0;
				GCC_PREPROCESSOR_DEFINITIONS = (
					"DEBUG=1",
					"$(inherited)",
				);
				GCC_WARN_64_TO_32_BIT_CONVERSION = YES;
				GCC_WARN_ABOUT_RETURN_TYPE = YES_ERROR;
				GCC_WARN_UNDECLARED_SELECTOR = YES;
				GCC_WARN_UNINITIALIZED_AUTOS = YES_AGGRESSIVE;
				GCC_WARN_UNUSED_FUNCTION = YES;
				GCC_WARN_UNUSED_VARIABLE = YES;
				IPHONEOS_DEPLOYMENT_TARGET = 11.4;
				MTL_ENABLE_DEBUG_INFO = YES;
				ONLY_ACTIVE_ARCH = YES;
				SDKROOT = iphoneos;
				SWIFT_ACTIVE_COMPILATION_CONDITIONS = DEBUG;
				SWIFT_OPTIMIZATION_LEVEL = "-Onone";
			};
			name = Debug;
		};
		99920D84213579C60013BE33 /* Release */ = {
			isa = XCBuildConfiguration;
			buildSettings = {
				ALWAYS_SEARCH_USER_PATHS = NO;
				CLANG_ANALYZER_NONNULL = YES;
				CLANG_ANALYZER_NUMBER_OBJECT_CONVERSION = YES_AGGRESSIVE;
				CLANG_CXX_LANGUAGE_STANDARD = "gnu++14";
				CLANG_CXX_LIBRARY = "libc++";
				CLANG_ENABLE_MODULES = YES;
				CLANG_ENABLE_OBJC_ARC = YES;
				CLANG_ENABLE_OBJC_WEAK = YES;
				CLANG_WARN_BLOCK_CAPTURE_AUTORELEASING = YES;
				CLANG_WARN_BOOL_CONVERSION = YES;
				CLANG_WARN_COMMA = YES;
				CLANG_WARN_CONSTANT_CONVERSION = YES;
				CLANG_WARN_DEPRECATED_OBJC_IMPLEMENTATIONS = YES;
				CLANG_WARN_DIRECT_OBJC_ISA_USAGE = YES_ERROR;
				CLANG_WARN_DOCUMENTATION_COMMENTS = YES;
				CLANG_WARN_EMPTY_BODY = YES;
				CLANG_WARN_ENUM_CONVERSION = YES;
				CLANG_WARN_INFINITE_RECURSION = YES;
				CLANG_WARN_INT_CONVERSION = YES;
				CLANG_WARN_NON_LITERAL_NULL_CONVERSION = YES;
				CLANG_WARN_OBJC_IMPLICIT_RETAIN_SELF = YES;
				CLANG_WARN_OBJC_LITERAL_CONVERSION = YES;
				CLANG_WARN_OBJC_ROOT_CLASS = YES_ERROR;
				CLANG_WARN_RANGE_LOOP_ANALYSIS = YES;
				CLANG_WARN_STRICT_PROTOTYPES = YES;
				CLANG_WARN_SUSPICIOUS_MOVE = YES;
				CLANG_WARN_UNGUARDED_AVAILABILITY = YES_AGGRESSIVE;
				CLANG_WARN_UNREACHABLE_CODE = YES;
				CLANG_WARN__DUPLICATE_METHOD_MATCH = YES;
				CODE_SIGN_IDENTITY = "iPhone Developer";
				COPY_PHASE_STRIP = NO;
				DEBUG_INFORMATION_FORMAT = "dwarf-with-dsym";
				ENABLE_NS_ASSERTIONS = NO;
				ENABLE_STRICT_OBJC_MSGSEND = YES;
				GCC_C_LANGUAGE_STANDARD = gnu11;
				GCC_NO_COMMON_BLOCKS = YES;
				GCC_WARN_64_TO_32_BIT_CONVERSION = YES;
				GCC_WARN_ABOUT_RETURN_TYPE = YES_ERROR;
				GCC_WARN_UNDECLARED_SELECTOR = YES;
				GCC_WARN_UNINITIALIZED_AUTOS = YES_AGGRESSIVE;
				GCC_WARN_UNUSED_FUNCTION = YES;
				GCC_WARN_UNUSED_VARIABLE = YES;
				IPHONEOS_DEPLOYMENT_TARGET = 11.4;
				MTL_ENABLE_DEBUG_INFO = NO;
				SDKROOT = iphoneos;
				SWIFT_COMPILATION_MODE = wholemodule;
				SWIFT_OPTIMIZATION_LEVEL = "-O";
				VALIDATE_PRODUCT = YES;
			};
			name = Release;
		};
		99920D86213579C60013BE33 /* Debug */ = {
			isa = XCBuildConfiguration;
			buildSettings = {
				ASSETCATALOG_COMPILER_APPICON_NAME = AppIcon;
				CODE_SIGN_STYLE = Automatic;
				DEVELOPMENT_TEAM = 2227K6LVL3;
				INFOPLIST_FILE = ToDoTDD/Info.plist;
				LD_RUNPATH_SEARCH_PATHS = (
					"$(inherited)",
					"@executable_path/Frameworks",
				);
				PRODUCT_BUNDLE_IDENTIFIER = com.salgara.ToDoTDD;
				PRODUCT_NAME = "$(TARGET_NAME)";
				SWIFT_VERSION = 4.0;
				TARGETED_DEVICE_FAMILY = "1,2";
			};
			name = Debug;
		};
		99920D87213579C60013BE33 /* Release */ = {
			isa = XCBuildConfiguration;
			buildSettings = {
				ASSETCATALOG_COMPILER_APPICON_NAME = AppIcon;
				CODE_SIGN_STYLE = Automatic;
				DEVELOPMENT_TEAM = 2227K6LVL3;
				INFOPLIST_FILE = ToDoTDD/Info.plist;
				LD_RUNPATH_SEARCH_PATHS = (
					"$(inherited)",
					"@executable_path/Frameworks",
				);
				PRODUCT_BUNDLE_IDENTIFIER = com.salgara.ToDoTDD;
				PRODUCT_NAME = "$(TARGET_NAME)";
				SWIFT_VERSION = 4.0;
				TARGETED_DEVICE_FAMILY = "1,2";
			};
			name = Release;
		};
		99920D89213579C60013BE33 /* Debug */ = {
			isa = XCBuildConfiguration;
			buildSettings = {
				ALWAYS_EMBED_SWIFT_STANDARD_LIBRARIES = YES;
				BUNDLE_LOADER = "$(TEST_HOST)";
				CODE_SIGN_STYLE = Automatic;
				DEVELOPMENT_TEAM = 2227K6LVL3;
				INFOPLIST_FILE = ToDoTDDTests/Info.plist;
				LD_RUNPATH_SEARCH_PATHS = (
					"$(inherited)",
					"@executable_path/Frameworks",
					"@loader_path/Frameworks",
				);
				PRODUCT_BUNDLE_IDENTIFIER = com.salgara.ToDoTDDTests;
				PRODUCT_NAME = "$(TARGET_NAME)";
				SWIFT_VERSION = 4.0;
				TARGETED_DEVICE_FAMILY = "1,2";
				TEST_HOST = "$(BUILT_PRODUCTS_DIR)/ToDoTDD.app/ToDoTDD";
			};
			name = Debug;
		};
		99920D8A213579C60013BE33 /* Release */ = {
			isa = XCBuildConfiguration;
			buildSettings = {
				ALWAYS_EMBED_SWIFT_STANDARD_LIBRARIES = YES;
				BUNDLE_LOADER = "$(TEST_HOST)";
				CODE_SIGN_STYLE = Automatic;
				DEVELOPMENT_TEAM = 2227K6LVL3;
				INFOPLIST_FILE = ToDoTDDTests/Info.plist;
				LD_RUNPATH_SEARCH_PATHS = (
					"$(inherited)",
					"@executable_path/Frameworks",
					"@loader_path/Frameworks",
				);
				PRODUCT_BUNDLE_IDENTIFIER = com.salgara.ToDoTDDTests;
				PRODUCT_NAME = "$(TARGET_NAME)";
				SWIFT_VERSION = 4.0;
				TARGETED_DEVICE_FAMILY = "1,2";
				TEST_HOST = "$(BUILT_PRODUCTS_DIR)/ToDoTDD.app/ToDoTDD";
			};
			name = Release;
		};
		99D73B1B213BC81100F36B18 /* Debug */ = {
			isa = XCBuildConfiguration;
			buildSettings = {
				CODE_SIGN_STYLE = Automatic;
				DEVELOPMENT_TEAM = 2227K6LVL3;
				INFOPLIST_FILE = ToDoTDDUITests/Info.plist;
				LD_RUNPATH_SEARCH_PATHS = (
					"$(inherited)",
					"@executable_path/Frameworks",
					"@loader_path/Frameworks",
				);
				PRODUCT_BUNDLE_IDENTIFIER = com.salgara.ToDoTDDUITests;
				PRODUCT_NAME = "$(TARGET_NAME)";
				SWIFT_VERSION = 4.0;
				TARGETED_DEVICE_FAMILY = "1,2";
				TEST_TARGET_NAME = ToDoTDD;
			};
			name = Debug;
		};
		99D73B1C213BC81100F36B18 /* Release */ = {
			isa = XCBuildConfiguration;
			buildSettings = {
				CODE_SIGN_STYLE = Automatic;
				DEVELOPMENT_TEAM = 2227K6LVL3;
				INFOPLIST_FILE = ToDoTDDUITests/Info.plist;
				LD_RUNPATH_SEARCH_PATHS = (
					"$(inherited)",
					"@executable_path/Frameworks",
					"@loader_path/Frameworks",
				);
				PRODUCT_BUNDLE_IDENTIFIER = com.salgara.ToDoTDDUITests;
				PRODUCT_NAME = "$(TARGET_NAME)";
				SWIFT_VERSION = 4.0;
				TARGETED_DEVICE_FAMILY = "1,2";
				TEST_TARGET_NAME = ToDoTDD;
			};
			name = Release;
		};
/* End XCBuildConfiguration section */

/* Begin XCConfigurationList section */
		99920D63213579C40013BE33 /* Build configuration list for PBXProject "ToDoTDD" */ = {
			isa = XCConfigurationList;
			buildConfigurations = (
				99920D83213579C60013BE33 /* Debug */,
				99920D84213579C60013BE33 /* Release */,
			);
			defaultConfigurationIsVisible = 0;
			defaultConfigurationName = Release;
		};
		99920D85213579C60013BE33 /* Build configuration list for PBXNativeTarget "ToDoTDD" */ = {
			isa = XCConfigurationList;
			buildConfigurations = (
				99920D86213579C60013BE33 /* Debug */,
				99920D87213579C60013BE33 /* Release */,
			);
			defaultConfigurationIsVisible = 0;
			defaultConfigurationName = Release;
		};
		99920D88213579C60013BE33 /* Build configuration list for PBXNativeTarget "ToDoTDDTests" */ = {
			isa = XCConfigurationList;
			buildConfigurations = (
				99920D89213579C60013BE33 /* Debug */,
				99920D8A213579C60013BE33 /* Release */,
			);
			defaultConfigurationIsVisible = 0;
			defaultConfigurationName = Release;
		};
		99D73B1A213BC81100F36B18 /* Build configuration list for PBXNativeTarget "ToDoTDDUITests" */ = {
			isa = XCConfigurationList;
			buildConfigurations = (
				99D73B1B213BC81100F36B18 /* Debug */,
				99D73B1C213BC81100F36B18 /* Release */,
			);
			defaultConfigurationIsVisible = 0;
			defaultConfigurationName = Release;
		};
/* End XCConfigurationList section */
	};
	rootObject = 99920D60213579C40013BE33 /* Project object */;
}
